
Microsoft Visual Studio Solution File, Format Version 12.00
# Visual Studio Version 16
VisualStudioVersion = 16.0.31112.23
MinimumVisualStudioVersion = 10.0.40219.1
Project("{FAE04EC0-301F-11D3-BF4B-00C04F79EFBC}") = "TicTacToe", "TicTacToe\TicTacToe.csproj", "{6A9288DD-8162-4E11-B076-E104034C3523}"
EndProject
Global
	GlobalSection(SolutionConfigurationPlatforms) = preSolution
		Debug|Any CPU = Debug|Any CPU
		Release|Any CPU = Release|Any CPU
	EndGlobalSection
	GlobalSection(ProjectConfigurationPlatforms) = postSolution
		{6A9288DD-8162-4E11-B076-E104034C3523}.Debug|Any CPU.ActiveCfg = Debug|Any CPU
		{6A9288DD-8162-4E11-B076-E104034C3523}.Debug|Any CPU.Build.0 = Debug|Any CPU
		{6A9288DD-8162-4E11-B076-E104034C3523}.Release|Any CPU.ActiveCfg = Release|Any CPU
		{6A9288DD-8162-4E11-B076-E104034C3523}.Release|Any CPU.Build.0 = Release|Any CPU
	EndGlobalSection
	GlobalSection(SolutionProperties) = preSolution
		HideSolutionNode = FALSE
	EndGlobalSection
	GlobalSection(ExtensibilityGlobals) = postSolution
		SolutionGuid = {B85F0301-6882-43E4-9955-23495F0E80C4}
	EndGlobalSection
EndGlobal
